
Microsoft Visual Studio Solution File, Format Version 12.00
# Visual Studio 15
VisualStudioVersion = 15.0.27703.2035
MinimumVisualStudioVersion = 10.0.40219.1
Project("{9A19103F-16F7-4668-BE54-9A1E7A4F7556}") = "Dccn.Calendar", "Dccn.Calendar\Dccn.Calendar.csproj", "{B3E274BB-4405-4345-AAF8-CE26256379D1}"
EndProject
Project("{9A19103F-16F7-4668-BE54-9A1E7A4F7556}") = "Dccn.Calendar.Cli", "Dccn.Calendar.Cli\Dccn.Calendar.Cli.csproj", "{959C9536-4490-4357-9537-104603ADA715}"
	ProjectSection(ProjectDependencies) = postProject
		{B3E274BB-4405-4345-AAF8-CE26256379D1} = {B3E274BB-4405-4345-AAF8-CE26256379D1}
	EndProjectSection
EndProject
Project("{9A19103F-16F7-4668-BE54-9A1E7A4F7556}") = "Dccn.Calendar.Web", "Dccn.Calendar.Web\Dccn.Calendar.Web.csproj", "{8596D75E-5E5C-4ECA-A7C1-09679E948E9C}"
	ProjectSection(ProjectDependencies) = postProject
		{B3E274BB-4405-4345-AAF8-CE26256379D1} = {B3E274BB-4405-4345-AAF8-CE26256379D1}
	EndProjectSection
EndProject
Project("{E53339B2-1760-4266-BCC7-CA923CBCF16C}") = "docker-compose", "docker-compose.dcproj", "{12A382F2-011D-4512-8B61-7E624CB55201}"
EndProject
Global
	GlobalSection(SolutionConfigurationPlatforms) = preSolution
		Debug|Any CPU = Debug|Any CPU
		Release|Any CPU = Release|Any CPU
	EndGlobalSection
	GlobalSection(ProjectConfigurationPlatforms) = postSolution
		{B3E274BB-4405-4345-AAF8-CE26256379D1}.Debug|Any CPU.ActiveCfg = Debug|Any CPU
		{B3E274BB-4405-4345-AAF8-CE26256379D1}.Debug|Any CPU.Build.0 = Debug|Any CPU
		{B3E274BB-4405-4345-AAF8-CE26256379D1}.Release|Any CPU.ActiveCfg = Release|Any CPU
		{B3E274BB-4405-4345-AAF8-CE26256379D1}.Release|Any CPU.Build.0 = Release|Any CPU
		{959C9536-4490-4357-9537-104603ADA715}.Debug|Any CPU.ActiveCfg = Debug|Any CPU
		{959C9536-4490-4357-9537-104603ADA715}.Debug|Any CPU.Build.0 = Debug|Any CPU
		{959C9536-4490-4357-9537-104603ADA715}.Release|Any CPU.ActiveCfg = Release|Any CPU
		{959C9536-4490-4357-9537-104603ADA715}.Release|Any CPU.Build.0 = Release|Any CPU
		{8596D75E-5E5C-4ECA-A7C1-09679E948E9C}.Debug|Any CPU.ActiveCfg = Debug|Any CPU
		{8596D75E-5E5C-4ECA-A7C1-09679E948E9C}.Debug|Any CPU.Build.0 = Debug|Any CPU
		{8596D75E-5E5C-4ECA-A7C1-09679E948E9C}.Release|Any CPU.ActiveCfg = Release|Any CPU
		{8596D75E-5E5C-4ECA-A7C1-09679E948E9C}.Release|Any CPU.Build.0 = Release|Any CPU
		{12A382F2-011D-4512-8B61-7E624CB55201}.Debug|Any CPU.ActiveCfg = Debug|Any CPU
		{12A382F2-011D-4512-8B61-7E624CB55201}.Debug|Any CPU.Build.0 = Debug|Any CPU
		{12A382F2-011D-4512-8B61-7E624CB55201}.Release|Any CPU.ActiveCfg = Release|Any CPU
		{12A382F2-011D-4512-8B61-7E624CB55201}.Release|Any CPU.Build.0 = Release|Any CPU
	EndGlobalSection
	GlobalSection(SolutionProperties) = preSolution
		HideSolutionNode = FALSE
	EndGlobalSection
	GlobalSection(ExtensibilityGlobals) = postSolution
		SolutionGuid = {BB8413E2-E129-4616-8959-67BC7A3370F2}
	EndGlobalSection
EndGlobal
